// !$*UTF8*$!
{
	archiveVersion = 1;
	classes = {
	};
	objectVersion = 51;
	objects = {

/* Begin PBXBuildFile section */
		151E3A932517126800FFB90C /* GoogleService-Info.plist in Resources */ = {isa = PBXBuildFile; fileRef = 151E3A922517126800FFB90C /* GoogleService-Info.plist */; };
		15625E6725150A3100F2E98D /* AppDelegate.swift in Sources */ = {isa = PBXBuildFile; fileRef = 15625E6625150A3100F2E98D /* AppDelegate.swift */; };
		15625E6925150A3100F2E98D /* SceneDelegate.swift in Sources */ = {isa = PBXBuildFile; fileRef = 15625E6825150A3100F2E98D /* SceneDelegate.swift */; };
		15625E6B25150A3100F2E98D /* ViewController.swift in Sources */ = {isa = PBXBuildFile; fileRef = 15625E6A25150A3100F2E98D /* ViewController.swift */; };
		15625E6E25150A3100F2E98D /* Main.storyboard in Resources */ = {isa = PBXBuildFile; fileRef = 15625E6C25150A3100F2E98D /* Main.storyboard */; };
		15625E7025150A3300F2E98D /* Assets.xcassets in Resources */ = {isa = PBXBuildFile; fileRef = 15625E6F25150A3300F2E98D /* Assets.xcassets */; };
		15625E7325150A3300F2E98D /* LaunchScreen.storyboard in Resources */ = {isa = PBXBuildFile; fileRef = 15625E7125150A3300F2E98D /* LaunchScreen.storyboard */; };
		49BCFA362407CFA889E94B22 /* Pods_GoogleAuth.framework in Frameworks */ = {isa = PBXBuildFile; fileRef = 1AAE3813D1F1FA82DA215DF4 /* Pods_GoogleAuth.framework */; };
/* End PBXBuildFile section */

/* Begin PBXFileReference section */
		09051F1CED45DB62AD6E9250 /* Pods-GoogleAuth.release.xcconfig */ = {isa = PBXFileReference; includeInIndex = 1; lastKnownFileType = text.xcconfig; name = "Pods-GoogleAuth.release.xcconfig"; path = "Target Support Files/Pods-GoogleAuth/Pods-GoogleAuth.release.xcconfig"; sourceTree = "<group>"; };
		151E3A922517126800FFB90C /* GoogleService-Info.plist */ = {isa = PBXFileReference; fileEncoding = 4; lastKnownFileType = text.plist.xml; name = "GoogleService-Info.plist"; path = "../../../../Downloads/GoogleService-Info.plist"; sourceTree = "<group>"; };
		15625E6325150A3100F2E98D /* GoogleAuth.app */ = {isa = PBXFileReference; explicitFileType = wrapper.application; includeInIndex = 0; path = GoogleAuth.app; sourceTree = BUILT_PRODUCTS_DIR; };
		15625E6625150A3100F2E98D /* AppDelegate.swift */ = {isa = PBXFileReference; lastKnownFileType = sourcecode.swift; path = AppDelegate.swift; sourceTree = "<group>"; usesTabs = 0; };
		15625E6825150A3100F2E98D /* SceneDelegate.swift */ = {isa = PBXFileReference; lastKnownFileType = sourcecode.swift; path = SceneDelegate.swift; sourceTree = "<group>"; };
		15625E6A25150A3100F2E98D /* ViewController.swift */ = {isa = PBXFileReference; lastKnownFileType = sourcecode.swift; path = ViewController.swift; sourceTree = "<group>"; };
		15625E6D25150A3100F2E98D /* Base */ = {isa = PBXFileReference; lastKnownFileType = file.storyboard; name = Base; path = Base.lproj/Main.storyboard; sourceTree = "<group>"; };
		15625E6F25150A3300F2E98D /* Assets.xcassets */ = {isa = PBXFileReference; lastKnownFileType = folder.assetcatalog; path = Assets.xcassets; sourceTree = "<group>"; };
		15625E7225150A3300F2E98D /* Base */ = {isa = PBXFileReference; lastKnownFileType = file.storyboard; name = Base; path = Base.lproj/LaunchScreen.storyboard; sourceTree = "<group>"; };
		15625E7425150A3300F2E98D /* Info.plist */ = {isa = PBXFileReference; lastKnownFileType = text.plist.xml; path = Info.plist; sourceTree = "<group>"; };
		1AAE3813D1F1FA82DA215DF4 /* Pods_GoogleAuth.framework */ = {isa = PBXFileReference; explicitFileType = wrapper.framework; includeInIndex = 0; path = Pods_GoogleAuth.framework; sourceTree = BUILT_PRODUCTS_DIR; };
		5255EB163649FA0C01AE9DDA /* Pods-GoogleAuth.debug.xcconfig */ = {isa = PBXFileReference; includeInIndex = 1; lastKnownFileType = text.xcconfig; name = "Pods-GoogleAuth.debug.xcconfig"; path = "Target Support Files/Pods-GoogleAuth/Pods-GoogleAuth.debug.xcconfig"; sourceTree = "<group>"; };
/* End PBXFileReference section */

/* Begin PBXFrameworksBuildPhase section */
		15625E6025150A3100F2E98D /* Frameworks */ = {
			isa = PBXFrameworksBuildPhase;
			buildActionMask = 2147483647;
			files = (
				49BCFA362407CFA889E94B22 /* Pods_GoogleAuth.framework in Frameworks */,
			);
			runOnlyForDeploymentPostprocessing = 0;
		};
/* End PBXFrameworksBuildPhase section */

/* Begin PBXGroup section */
		0AA5075C6B84D893A87ECCAF /* Pods */ = {
			isa = PBXGroup;
			children = (
				5255EB163649FA0C01AE9DDA /* Pods-GoogleAuth.debug.xcconfig */,
				09051F1CED45DB62AD6E9250 /* Pods-GoogleAuth.release.xcconfig */,
			);
			path = Pods;
			sourceTree = "<group>";
		};
		15625E5A25150A3100F2E98D = {
			isa = PBXGroup;
			children = (
				15625E6525150A3100F2E98D /* GoogleAuth */,
				15625E6425150A3100F2E98D /* Products */,
				0AA5075C6B84D893A87ECCAF /* Pods */,
				76A4278CF726546D7192762B /* Frameworks */,
			);
			sourceTree = "<group>";
		};
		15625E6425150A3100F2E98D /* Products */ = {
			isa = PBXGroup;
			children = (
				15625E6325150A3100F2E98D /* GoogleAuth.app */,
			);
			name = Products;
			sourceTree = "<group>";
		};
		15625E6525150A3100F2E98D /* GoogleAuth */ = {
			isa = PBXGroup;
			children = (
				15625E6625150A3100F2E98D /* AppDelegate.swift */,
				15625E6825150A3100F2E98D /* SceneDelegate.swift */,
				15625E6A25150A3100F2E98D /* ViewController.swift */,
				15625E6C25150A3100F2E98D /* Main.storyboard */,
				15625E6F25150A3300F2E98D /* Assets.xcassets */,
				15625E7125150A3300F2E98D /* LaunchScreen.storyboard */,
				151E3A922517126800FFB90C /* GoogleService-Info.plist */,
				15625E7425150A3300F2E98D /* Info.plist */,
			);
			path = GoogleAuth;
			sourceTree = "<group>";
		};
		76A4278CF726546D7192762B /* Frameworks */ = {
			isa = PBXGroup;
			children = (
				1AAE3813D1F1FA82DA215DF4 /* Pods_GoogleAuth.framework */,
			);
			name = Frameworks;
			sourceTree = "<group>";
		};
/* End PBXGroup section */

/* Begin PBXNativeTarget section */
		15625E6225150A3100F2E98D /* GoogleAuth */ = {
			isa = PBXNativeTarget;
			buildConfigurationList = 15625E7725150A3300F2E98D /* Build configuration list for PBXNativeTarget "GoogleAuth" */;
			buildPhases = (
				6FEBCB76E60168028D3DA7C1 /* [CP] Check Pods Manifest.lock */,
				15625E5F25150A3100F2E98D /* Sources */,
				15625E6025150A3100F2E98D /* Frameworks */,
				15625E6125150A3100F2E98D /* Resources */,
				06C81ADA0205C5B90D6EEB09 /* [CP] Embed Pods Frameworks */,
				F25416686FFBAC69AEAF1570 /* [CP] Copy Pods Resources */,
			);
			buildRules = (
			);
			dependencies = (
			);
			name = GoogleAuth;
			productName = GoogleAuth;
			productReference = 15625E6325150A3100F2E98D /* GoogleAuth.app */;
			productType = "com.apple.product-type.application";
		};
/* End PBXNativeTarget section */

/* Begin PBXProject section */
		15625E5B25150A3100F2E98D /* Project object */ = {
			isa = PBXProject;
			attributes = {
				LastSwiftUpdateCheck = 1200;
				LastUpgradeCheck = 1200;
				TargetAttributes = {
					15625E6225150A3100F2E98D = {
						CreatedOnToolsVersion = 12.0;
					};
				};
			};
			buildConfigurationList = 15625E5E25150A3100F2E98D /* Build configuration list for PBXProject "GoogleAuth" */;
			compatibilityVersion = "Xcode 9.3";
			developmentRegion = en;
			hasScannedForEncodings = 0;
			knownRegions = (
				en,
				Base,
			);
			mainGroup = 15625E5A25150A3100F2E98D;
			productRefGroup = 15625E6425150A3100F2E98D /* Products */;
			projectDirPath = "";
			projectRoot = "";
			targets = (
				15625E6225150A3100F2E98D /* GoogleAuth */,
			);
		};
/* End PBXProject section */

/* Begin PBXResourcesBuildPhase section */
		15625E6125150A3100F2E98D /* Resources */ = {
			isa = PBXResourcesBuildPhase;
			buildActionMask = 2147483647;
			files = (
				15625E7325150A3300F2E98D /* LaunchScreen.storyboard in Resources */,
				151E3A932517126800FFB90C /* GoogleService-Info.plist in Resources */,
				15625E7025150A3300F2E98D /* Assets.xcassets in Resources */,
				15625E6E25150A3100F2E98D /* Main.storyboard in Resources */,
			);
			runOnlyForDeploymentPostprocessing = 0;
		};
/* End PBXResourcesBuildPhase section */

/* Begin PBXShellScriptBuildPhase section */
		06C81ADA0205C5B90D6EEB09 /* [CP] Embed Pods Frameworks */ = {
			isa = PBXShellScriptBuildPhase;
			buildActionMask = 2147483647;
			files = (
			);
			inputFileListPaths = (
				"${PODS_ROOT}/Target Support Files/Pods-GoogleAuth/Pods-GoogleAuth-frameworks-${CONFIGURATION}-input-files.xcfilelist",
			);
			name = "[CP] Embed Pods Frameworks";
			outputFileListPaths = (
				"${PODS_ROOT}/Target Support Files/Pods-GoogleAuth/Pods-GoogleAuth-frameworks-${CONFIGURATION}-output-files.xcfilelist",
			);
			runOnlyForDeploymentPostprocessing = 0;
			shellPath = /bin/sh;
			shellScript = "\"${PODS_ROOT}/Target Support Files/Pods-GoogleAuth/Pods-GoogleAuth-frameworks.sh\"\n";
			showEnvVarsInLog = 0;
		};
		6FEBCB76E60168028D3DA7C1 /* [CP] Check Pods Manifest.lock */ = {
			isa = PBXShellScriptBuildPhase;
			buildActionMask = 2147483647;
			files = (
			);
			inputFileListPaths = (
			);
			inputPaths = (
				"${PODS_PODFILE_DIR_PATH}/Podfile.lock",
				"${PODS_ROOT}/Manifest.lock",
			);
			name = "[CP] Check Pods Manifest.lock";
			outputFileListPaths = (
			);
			outputPaths = (
				"$(DERIVED_FILE_DIR)/Pods-GoogleAuth-checkManifestLockResult.txt",
			);
			runOnlyForDeploymentPostprocessing = 0;
			shellPath = /bin/sh;
			shellScript = "diff \"${PODS_PODFILE_DIR_PATH}/Podfile.lock\" \"${PODS_ROOT}/Manifest.lock\" > /dev/null\nif [ $? != 0 ] ; then\n    # print error to STDERR\n    echo \"error: The sandbox is not in sync with the Podfile.lock. Run 'pod install' or update your CocoaPods installation.\" >&2\n    exit 1\nfi\n# This output is used by Xcode 'outputs' to avoid re-running this script phase.\necho \"SUCCESS\" > \"${SCRIPT_OUTPUT_FILE_0}\"\n";
			showEnvVarsInLog = 0;
		};
		F25416686FFBAC69AEAF1570 /* [CP] Copy Pods Resources */ = {
			isa = PBXShellScriptBuildPhase;
			buildActionMask = 2147483647;
			files = (
			);
			inputFileListPaths = (
				"${PODS_ROOT}/Target Support Files/Pods-GoogleAuth/Pods-GoogleAuth-resources-${CONFIGURATION}-input-files.xcfilelist",
			);
			name = "[CP] Copy Pods Resources";
			outputFileListPaths = (
				"${PODS_ROOT}/Target Support Files/Pods-GoogleAuth/Pods-GoogleAuth-resources-${CONFIGURATION}-output-files.xcfilelist",
			);
			runOnlyForDeploymentPostprocessing = 0;
			shellPath = /bin/sh;
			shellScript = "\"${PODS_ROOT}/Target Support Files/Pods-GoogleAuth/Pods-GoogleAuth-resources.sh\"\n";
			showEnvVarsInLog = 0;
		};
/* End PBXShellScriptBuildPhase section */

/* Begin PBXSourcesBuildPhase section */
		15625E5F25150A3100F2E98D /* Sources */ = {
			isa = PBXSourcesBuildPhase;
			buildActionMask = 2147483647;
			files = (
				15625E6B25150A3100F2E98D /* ViewController.swift in Sources */,
				15625E6725150A3100F2E98D /* AppDelegate.swift in Sources */,
				15625E6925150A3100F2E98D /* SceneDelegate.swift in Sources */,
			);
			runOnlyForDeploymentPostprocessing = 0;
		};
/* End PBXSourcesBuildPhase section */

/* Begin PBXVariantGroup section */
		15625E6C25150A3100F2E98D /* Main.storyboard */ = {
			isa = PBXVariantGroup;
			children = (
				15625E6D25150A3100F2E98D /* Base */,
			);
			name = Main.storyboard;
			sourceTree = "<group>";
		};
		15625E7125150A3300F2E98D /* LaunchScreen.storyboard */ = {
			isa = PBXVariantGroup;
			children = (
				15625E7225150A3300F2E98D /* Base */,
			);
			name = LaunchScreen.storyboard;
			sourceTree = "<group>";
		};
/* End PBXVariantGroup section */

/* Begin XCBuildConfiguration section */
		15625E7525150A3300F2E98D /* Debug */ = {
			isa = XCBuildConfiguration;
			buildSettings = {
				ALWAYS_SEARCH_USER_PATHS = NO;
				CLANG_ANALYZER_NONNULL = YES;
				CLANG_ANALYZER_NUMBER_OBJECT_CONVERSION = YES_AGGRESSIVE;
				CLANG_CXX_LANGUAGE_STANDARD = "gnu++14";
				CLANG_CXX_LIBRARY = "libc++";
				CLANG_ENABLE_MODULES = YES;
				CLANG_ENABLE_OBJC_ARC = YES;
				CLANG_ENABLE_OBJC_WEAK = YES;
				CLANG_WARN_BLOCK_CAPTURE_AUTORELEASING = YES;
				CLANG_WARN_BOOL_CONVERSION = YES;
				CLANG_WARN_COMMA = YES;
				CLANG_WARN_CONSTANT_CONVERSION = YES;
				CLANG_WARN_DEPRECATED_OBJC_IMPLEMENTATIONS = YES;
				CLANG_WARN_DIRECT_OBJC_ISA_USAGE = YES_ERROR;
				CLANG_WARN_DOCUMENTATION_COMMENTS = YES;
				CLANG_WARN_EMPTY_BODY = YES;
				CLANG_WARN_ENUM_CONVERSION = YES;
				CLANG_WARN_INFINITE_RECURSION = YES;
				CLANG_WARN_INT_CONVERSION = YES;
				CLANG_WARN_NON_LITERAL_NULL_CONVERSION = YES;
				CLANG_WARN_OBJC_IMPLICIT_RETAIN_SELF = YES;
				CLANG_WARN_OBJC_LITERAL_CONVERSION = YES;
				CLANG_WARN_OBJC_ROOT_CLASS = YES_ERROR;
				CLANG_WARN_QUOTED_INCLUDE_IN_FRAMEWORK_HEADER = YES;
				CLANG_WARN_RANGE_LOOP_ANALYSIS = YES;
				CLANG_WARN_STRICT_PROTOTYPES = YES;
				CLANG_WARN_SUSPICIOUS_MOVE = YES;
				CLANG_WARN_UNGUARDED_AVAILABILITY = YES_AGGRESSIVE;
				CLANG_WARN_UNREACHABLE_CODE = YES;
				CLANG_WARN__DUPLICATE_METHOD_MATCH = YES;
				COPY_PHASE_STRIP = NO;
				DEBUG_INFORMATION_FORMAT = dwarf;
				ENABLE_STRICT_OBJC_MSGSEND = YES;
				ENABLE_TESTABILITY = YES;
				GCC_C_LANGUAGE_STANDARD = gnu11;
				GCC_DYNAMIC_NO_PIC = NO;
				GCC_NO_COMMON_BLOCKS = YES;
				GCC_OPTIMIZATION_LEVEL = 0;
				GCC_PREPROCESSOR_DEFINITIONS = (
					"DEBUG=1",
					"$(inherited)",
				);
				GCC_WARN_64_TO_32_BIT_CONVERSION = YES;
				GCC_WARN_ABOUT_RETURN_TYPE = YES_ERROR;
				GCC_WARN_UNDECLARED_SELECTOR = YES;
				GCC_WARN_UNINITIALIZED_AUTOS = YES_AGGRESSIVE;
				GCC_WARN_UNUSED_FUNCTION = YES;
				GCC_WARN_UNUSED_VARIABLE = YES;
				IPHONEOS_DEPLOYMENT_TARGET = 14.0;
				MTL_ENABLE_DEBUG_INFO = INCLUDE_SOURCE;
				MTL_FAST_MATH = YES;
				ONLY_ACTIVE_ARCH = YES;
				SDKROOT = iphoneos;
				SWIFT_ACTIVE_COMPILATION_CONDITIONS = DEBUG;
				SWIFT_OPTIMIZATION_LEVEL = "-Onone";
			};
			name = Debug;
		};
		15625E7625150A3300F2E98D /* Release */ = {
			isa = XCBuildConfiguration;
			buildSettings = {
				ALWAYS_SEARCH_USER_PATHS = NO;
				CLANG_ANALYZER_NONNULL = YES;
				CLANG_ANALYZER_NUMBER_OBJECT_CONVERSION = YES_AGGRESSIVE;
				CLANG_CXX_LANGUAGE_STANDARD = "gnu++14";
				CLANG_CXX_LIBRARY = "libc++";
				CLANG_ENABLE_MODULES = YES;
				CLANG_ENABLE_OBJC_ARC = YES;
				CLANG_ENABLE_OBJC_WEAK = YES;
				CLANG_WARN_BLOCK_CAPTURE_AUTORELEASING = YES;
				CLANG_WARN_BOOL_CONVERSION = YES;
				CLANG_WARN_COMMA = YES;
				CLANG_WARN_CONSTANT_CONVERSION = YES;
				CLANG_WARN_DEPRECATED_OBJC_IMPLEMENTATIONS = YES;
				CLANG_WARN_DIRECT_OBJC_ISA_USAGE = YES_ERROR;
				CLANG_WARN_DOCUMENTATION_COMMENTS = YES;
				CLANG_WARN_EMPTY_BODY = YES;
				CLANG_WARN_ENUM_CONVERSION = YES;
				CLANG_WARN_INFINITE_RECURSION = YES;
				CLANG_WARN_INT_CONVERSION = YES;
				CLANG_WARN_NON_LITERAL_NULL_CONVERSION = YES;
				CLANG_WARN_OBJC_IMPLICIT_RETAIN_SELF = YES;
				CLANG_WARN_OBJC_LITERAL_CONVERSION = YES;
				CLANG_WARN_OBJC_ROOT_CLASS = YES_ERROR;
				CLANG_WARN_QUOTED_INCLUDE_IN_FRAMEWORK_HEADER = YES;
				CLANG_WARN_RANGE_LOOP_ANALYSIS = YES;
				CLANG_WARN_STRICT_PROTOTYPES = YES;
				CLANG_WARN_SUSPICIOUS_MOVE = YES;
				CLANG_WARN_UNGUARDED_AVAILABILITY = YES_AGGRESSIVE;
				CLANG_WARN_UNREACHABLE_CODE = YES;
				CLANG_WARN__DUPLICATE_METHOD_MATCH = YES;
				COPY_PHASE_STRIP = NO;
				DEBUG_INFORMATION_FORMAT = "dwarf-with-dsym";
				ENABLE_NS_ASSERTIONS = NO;
				ENABLE_STRICT_OBJC_MSGSEND = YES;
				GCC_C_LANGUAGE_STANDARD = gnu11;
				GCC_NO_COMMON_BLOCKS = YES;
				GCC_WARN_64_TO_32_BIT_CONVERSION = YES;
				GCC_WARN_ABOUT_RETURN_TYPE = YES_ERROR;
				GCC_WARN_UNDECLARED_SELECTOR = YES;
				GCC_WARN_UNINITIALIZED_AUTOS = YES_AGGRESSIVE;
				GCC_WARN_UNUSED_FUNCTION = YES;
				GCC_WARN_UNUSED_VARIABLE = YES;
				IPHONEOS_DEPLOYMENT_TARGET = 14.0;
				MTL_ENABLE_DEBUG_INFO = NO;
				MTL_FAST_MATH = YES;
				SDKROOT = iphoneos;
				SWIFT_COMPILATION_MODE = wholemodule;
				SWIFT_OPTIMIZATION_LEVEL = "-O";
				VALIDATE_PRODUCT = YES;
			};
			name = Release;
		};
		15625E7825150A3300F2E98D /* Debug */ = {
			isa = XCBuildConfiguration;
			baseConfigurationReference = 5255EB163649FA0C01AE9DDA /* Pods-GoogleAuth.debug.xcconfig */;
			buildSettings = {
				ASSETCATALOG_COMPILER_APPICON_NAME = AppIcon;
				ASSETCATALOG_COMPILER_GLOBAL_ACCENT_COLOR_NAME = AccentColor;
				CODE_SIGN_STYLE = Automatic;
				DEVELOPMENT_TEAM = 2C96RNDN63;
				INFOPLIST_FILE = GoogleAuth/Info.plist;
				LD_RUNPATH_SEARCH_PATHS = (
					"$(inherited)",
					"@executable_path/Frameworks",
				);
				PRODUCT_BUNDLE_IDENTIFIER = com.shinhyogeun.GoogleAuth;
				PRODUCT_NAME = "$(TARGET_NAME)";
				SWIFT_VERSION = 5.0;
				TARGETED_DEVICE_FAMILY = "1,2";
			};
			name = Debug;
		};
		15625E7925150A3300F2E98D /* Release */ = {
			isa = XCBuildConfiguration;
			baseConfigurationReference = 09051F1CED45DB62AD6E9250 /* Pods-GoogleAuth.release.xcconfig */;
			buildSettings = {
				ASSETCATALOG_COMPILER_APPICON_NAME = AppIcon;
				ASSETCATALOG_COMPILER_GLOBAL_ACCENT_COLOR_NAME = AccentColor;
				CODE_SIGN_STYLE = Automatic;
				DEVELOPMENT_TEAM = 2C96RNDN63;
				INFOPLIST_FILE = GoogleAuth/Info.plist;
				LD_RUNPATH_SEARCH_PATHS = (
					"$(inherited)",
					"@executable_path/Frameworks",
				);
				PRODUCT_BUNDLE_IDENTIFIER = com.shinhyogeun.GoogleAuth;
				PRODUCT_NAME = "$(TARGET_NAME)";
				SWIFT_VERSION = 5.0;
				TARGETED_DEVICE_FAMILY = "1,2";
			};
			name = Release;
		};
/* End XCBuildConfiguration section */

/* Begin XCConfigurationList section */
		15625E5E25150A3100F2E98D /* Build configuration list for PBXProject "GoogleAuth" */ = {
			isa = XCConfigurationList;
			buildConfigurations = (
				15625E7525150A3300F2E98D /* Debug */,
				15625E7625150A3300F2E98D /* Release */,
			);
			defaultConfigurationIsVisible = 0;
			defaultConfigurationName = Release;
		};
		15625E7725150A3300F2E98D /* Build configuration list for PBXNativeTarget "GoogleAuth" */ = {
			isa = XCConfigurationList;
			buildConfigurations = (
				15625E7825150A3300F2E98D /* Debug */,
				15625E7925150A3300F2E98D /* Release */,
			);
			defaultConfigurationIsVisible = 0;
			defaultConfigurationName = Release;
		};
/* End XCConfigurationList section */
	};
	rootObject = 15625E5B25150A3100F2E98D /* Project object */;
}
